
Microsoft Visual Studio Solution File, Format Version 12.00
# Visual Studio Version 17
VisualStudioVersion = 17.6.33829.357
MinimumVisualStudioVersion = 10.0.40219.1
Project("{FAE04EC0-301F-11D3-BF4B-00C04F79EFBC}") = "Testbed", "Testbed\Testbed.csproj", "{778823D3-D2C9-4C41-8F73-8CFA012923B2}"
EndProject
Project("{FAE04EC0-301F-11D3-BF4B-00C04F79EFBC}") = "W100", "W100\W100.csproj", "{EFF8049F-6450-4397-8EF1-9C949B9D3A38}"
EndProject
Project("{FAE04EC0-301F-11D3-BF4B-00C04F79EFBC}") = "W101", "W101\W101.csproj", "{9C09A316-E379-4167-B670-A4E71F59654C}"
EndProject
Project("{FAE04EC0-301F-11D3-BF4B-00C04F79EFBC}") = "Homework 1 18.09.23", "Homework 1 18.09.23\Homework 1 18.09.23.csproj", "{F3AB25CA-3791-4A6F-8B16-8C15DFC3A941}"
EndProject
Project("{FAE04EC0-301F-11D3-BF4B-00C04F79EFBC}") = "L111 Subroutines", "L111 Subroutines\L111 Subroutines.csproj", "{57B894A5-C83B-46B7-85A3-93A126ECD0CB}"
EndProject
Project("{FAE04EC0-301F-11D3-BF4B-00C04F79EFBC}") = "W102 Switching", "W102 Switching\W102 Switching.csproj", "{87C13612-87A0-4A4C-B5CC-CA247C53E4C3}"
EndProject
Project("{FAE04EC0-301F-11D3-BF4B-00C04F79EFBC}") = "W103 For Loops", "W103 For Loops\W103 For Loops.csproj", "{AE21C781-6F01-44C6-95B0-21ECC180E5A6}"
EndProject
Project("{FAE04EC0-301F-11D3-BF4B-00C04F79EFBC}") = "W106 Procedures with Parameters", "W106 Procedures with Parameters\W106 Procedures with Parameters.csproj", "{8ABB2970-E246-4ED2-8F50-EE9FFBE7C90E}"
EndProject
Project("{FAE04EC0-301F-11D3-BF4B-00C04F79EFBC}") = "L114 string manipulation", "L114 string manipulation\L114 string manipulation.csproj", "{3910AD8D-1253-412B-94C8-0D1FA9E13726}"
EndProject
Project("{FAE04EC0-301F-11D3-BF4B-00C04F79EFBC}") = "L116 Debugging", "L116 Debugging\L116 Debugging.csproj", "{494365EC-8F45-4E76-98F6-DFB04964915D}"
EndProject
Project("{FAE04EC0-301F-11D3-BF4B-00C04F79EFBC}") = "W108", "W108\W108.csproj", "{FEFBB4DB-8DAB-4EA6-B16B-0E18A69BBC8C}"
EndProject
Project("{FAE04EC0-301F-11D3-BF4B-00C04F79EFBC}") = "L118 Parralel Arrays", "L118 Parralel Arrays\L118 Parralel Arrays.csproj", "{7BBC8989-6870-4E2A-81F9-06523646D266}"
EndProject
Project("{FAE04EC0-301F-11D3-BF4B-00C04F79EFBC}") = "W109 Lists", "W106 Lists\W109 Lists.csproj", "{3D03BFBE-962A-4D96-BF45-F43902BF4944}"
EndProject
Project("{FAE04EC0-301F-11D3-BF4B-00C04F79EFBC}") = "MultiThreading Example", "MultiThreading Practice\MultiThreading Example.csproj", "{21716843-FBEF-454F-A562-F465BCA3695C}"
EndProject
Project("{FAE04EC0-301F-11D3-BF4B-00C04F79EFBC}") = "MultiThreading #2", "MultiThreading #2\MultiThreading #2.csproj", "{529E55FC-1A52-419B-80CD-4A6117C6181E}"
EndProject
Project("{FAE04EC0-301F-11D3-BF4B-00C04F79EFBC}") = "W110 Functions", "W110 Functions\W110 Functions.csproj", "{DC0A2AAA-036F-4D30-A649-34B91901534F}"
EndProject
Project("{FAE04EC0-301F-11D3-BF4B-00C04F79EFBC}") = "Structures 1", "Structures 1\Structures 1.csproj", "{72A69148-ACCA-43B5-90CE-454B7C6B8B86}"
EndProject
Project("{FAE04EC0-301F-11D3-BF4B-00C04F79EFBC}") = "W112 Reading Text Files", "W112 Reading Text Files\W112 Reading Text Files.csproj", "{8FA91781-B465-4ED8-9FF3-9FCAC22978A5}"
EndProject
Project("{FAE04EC0-301F-11D3-BF4B-00C04F79EFBC}") = "W113", "W113\W113.csproj", "{0495DC4A-8C0C-418D-A520-B9717433228A}"
EndProject
Project("{FAE04EC0-301F-11D3-BF4B-00C04F79EFBC}") = "Code comparison", "Code comparison\Code comparison.csproj", "{F926696C-0673-4C4C-AD3D-7856F76CEF7A}"
EndProject
Project("{FAE04EC0-301F-11D3-BF4B-00C04F79EFBC}") = "L129", "L129\L129.csproj", "{46BE62B7-583B-4ACD-BB9D-732373F11BC1}"
EndProject
Project("{FAE04EC0-301F-11D3-BF4B-00C04F79EFBC}") = "L130 Sabotage", "L130 Sabotage\L130 Sabotage.csproj", "{A44F80A7-3F20-407A-A0F5-46FF08FDAD57}"
EndProject
Project("{FAE04EC0-301F-11D3-BF4B-00C04F79EFBC}") = "W114 arrays of structures", "W114 arrays of structures\W114 arrays of structures.csproj", "{50DD4CF0-0975-4917-97EA-F65F550C808E}"
EndProject
Project("{FAE04EC0-301F-11D3-BF4B-00C04F79EFBC}") = "L132", "L132\L132.csproj", "{701C5942-06D3-458A-B793-89E81D050EAD}"
EndProject
Project("{FAE04EC0-301F-11D3-BF4B-00C04F79EFBC}") = "CHRISTMAS!!!", "CHRISTMAS!!!\CHRISTMAS!!!.csproj", "{E22068D2-CA9F-4D06-BDA5-F67B631DB2A5}"
EndProject
Project("{FAE04EC0-301F-11D3-BF4B-00C04F79EFBC}") = "W116 Exceptions", "W116 Eceptions\W116 Exceptions.csproj", "{90CDBB51-0D84-4AB0-88E5-954BF5EBD06F}"
EndProject
Project("{FAE04EC0-301F-11D3-BF4B-00C04F79EFBC}") = "A121", "A121\A121.csproj", "{762A6DD2-21E0-464F-A700-4E46F1D876BB}"
EndProject
Project("{FAE04EC0-301F-11D3-BF4B-00C04F79EFBC}") = "Warships PreLim", "Warships PreLim\Warships PreLim.csproj", "{3D668935-BE6F-483E-AE9A-13AC5331DECA}"
EndProject
Project("{FAE04EC0-301F-11D3-BF4B-00C04F79EFBC}") = "W122 warsip modified", "W122 warsip modified\W122 warsip modified.csproj", "{05A5D8F0-80E1-4BAD-BD61-F919196EC6C0}"
EndProject
Project("{FAE04EC0-301F-11D3-BF4B-00C04F79EFBC}") = "W125", "W125\W125.csproj", "{EAD58C16-4C27-4086-A086-47D5E5212638}"
EndProject
Project("{FAE04EC0-301F-11D3-BF4B-00C04F79EFBC}") = "W126", "W126\W126.csproj", "{CCBE814E-2370-49B7-AF7E-546C8B08068A}"
EndProject
Project("{FAE04EC0-301F-11D3-BF4B-00C04F79EFBC}") = "W130", "W130\W130.csproj", "{59F22C00-5F27-4851-A446-41F69028CA2A}"
EndProject
Project("{FAE04EC0-301F-11D3-BF4B-00C04F79EFBC}") = "W127", "W127\W127.csproj", "{2D8AC358-26F0-4A6B-8101-FE74FFDFFED8}"
EndProject
Project("{FAE04EC0-301F-11D3-BF4B-00C04F79EFBC}") = "W128", "W128\W128.csproj", "{13AC8084-AF25-4895-AEB0-8466131F24C3}"
EndProject
Project("{FAE04EC0-301F-11D3-BF4B-00C04F79EFBC}") = "W129", "W129\W129.csproj", "{365E7CA8-694C-46B9-86EB-3CAB16A033A2}"
EndProject
Project("{FAE04EC0-301F-11D3-BF4B-00C04F79EFBC}") = "W130_P2", "W130_P2\W130_P2.csproj", "{D5B02FEF-535B-468D-B755-81805816AACC}"
EndProject
Project("{FAE04EC0-301F-11D3-BF4B-00C04F79EFBC}") = "W131", "W131\W131.csproj", "{071E76AD-4E45-4458-8C8E-66B7F794AF2D}"
EndProject
Project("{FAE04EC0-301F-11D3-BF4B-00C04F79EFBC}") = "Wolfram's Automata", "Wolfram's Automata\Wolfram's Automata.csproj", "{A455404C-0990-4108-9661-740293970D6C}"
EndProject
Project("{FAE04EC0-301F-11D3-BF4B-00C04F79EFBC}") = "Conways game of life", "Conways game of life\Conways game of life.csproj", "{6268C899-8B83-43D3-A154-F580E1A46E88}"
EndProject
Project("{FAE04EC0-301F-11D3-BF4B-00C04F79EFBC}") = "CGOL forms", "CGOL forms\CGOL forms.csproj", "{22313ADA-0B59-4AAB-8722-9461C0ED98AA}"
EndProject
Project("{FAE04EC0-301F-11D3-BF4B-00C04F79EFBC}") = "L156", "L156\L156.csproj", "{A69B2F37-0C84-43AB-A072-CCDF599F62D3}"
EndProject
Project("{FAE04EC0-301F-11D3-BF4B-00C04F79EFBC}") = "L151", "L151\L151.csproj", "{333154C9-1C1D-4512-98FF-12931D1E4F68}"
EndProject
Project("{FAE04EC0-301F-11D3-BF4B-00C04F79EFBC}") = "BubbleSort Race", "BubbleSort Race\BubbleSort Race.csproj", "{531616A9-F3AA-4591-9E19-911C57AFDD79}"
EndProject
Project("{FAE04EC0-301F-11D3-BF4B-00C04F79EFBC}") = "Stack RPN calculator", "Stack RPN calculator\Stack RPN calculator.csproj", "{D4F7FC99-1C7D-4CCC-BCF4-952521DA1646}"
EndProject
Project("{FAE04EC0-301F-11D3-BF4B-00C04F79EFBC}") = "L164 inventory", "L164 inventory\L164 inventory.csproj", "{6945FEB1-EA32-4036-9DAE-E967E3D09A36}"
EndProject
Project("{FAE04EC0-301F-11D3-BF4B-00C04F79EFBC}") = "W133 - Recursion", "W133 - Recursion\W133 - Recursion.csproj", "{921CF54F-7392-40EA-8883-BD5D5ED97C02}"
EndProject
Project("{FAE04EC0-301F-11D3-BF4B-00C04F79EFBC}") = "W134 - Queues", "W134 - Queues\W134 - Queues.csproj", "{43372A5B-8AAC-44CB-BD4E-AC87DF57DCA9}"
EndProject
Project("{FAE04EC0-301F-11D3-BF4B-00C04F79EFBC}") = "Snake", "Snake\Snake.csproj", "{C3DA2D5B-927A-4E87-B118-C48113C864E2}"
EndProject
Project("{FAE04EC0-301F-11D3-BF4B-00C04F79EFBC}") = "Wikipedia links", "Wikipedia links\Wikipedia links.csproj", "{B4BE32EC-A60A-43AD-BFB7-3924EF7BF031}"
EndProject
Global
	GlobalSection(SolutionConfigurationPlatforms) = preSolution
		Debug|Any CPU = Debug|Any CPU
		Release|Any CPU = Release|Any CPU
	EndGlobalSection
	GlobalSection(ProjectConfigurationPlatforms) = postSolution
		{778823D3-D2C9-4C41-8F73-8CFA012923B2}.Debug|Any CPU.ActiveCfg = Debug|Any CPU
		{778823D3-D2C9-4C41-8F73-8CFA012923B2}.Debug|Any CPU.Build.0 = Debug|Any CPU
		{778823D3-D2C9-4C41-8F73-8CFA012923B2}.Release|Any CPU.ActiveCfg = Release|Any CPU
		{778823D3-D2C9-4C41-8F73-8CFA012923B2}.Release|Any CPU.Build.0 = Release|Any CPU
		{EFF8049F-6450-4397-8EF1-9C949B9D3A38}.Debug|Any CPU.ActiveCfg = Debug|Any CPU
		{EFF8049F-6450-4397-8EF1-9C949B9D3A38}.Debug|Any CPU.Build.0 = Debug|Any CPU
		{EFF8049F-6450-4397-8EF1-9C949B9D3A38}.Release|Any CPU.ActiveCfg = Release|Any CPU
		{EFF8049F-6450-4397-8EF1-9C949B9D3A38}.Release|Any CPU.Build.0 = Release|Any CPU
		{9C09A316-E379-4167-B670-A4E71F59654C}.Debug|Any CPU.ActiveCfg = Debug|Any CPU
		{9C09A316-E379-4167-B670-A4E71F59654C}.Debug|Any CPU.Build.0 = Debug|Any CPU
		{9C09A316-E379-4167-B670-A4E71F59654C}.Release|Any CPU.ActiveCfg = Release|Any CPU
		{9C09A316-E379-4167-B670-A4E71F59654C}.Release|Any CPU.Build.0 = Release|Any CPU
		{F3AB25CA-3791-4A6F-8B16-8C15DFC3A941}.Debug|Any CPU.ActiveCfg = Debug|Any CPU
		{F3AB25CA-3791-4A6F-8B16-8C15DFC3A941}.Debug|Any CPU.Build.0 = Debug|Any CPU
		{F3AB25CA-3791-4A6F-8B16-8C15DFC3A941}.Release|Any CPU.ActiveCfg = Release|Any CPU
		{F3AB25CA-3791-4A6F-8B16-8C15DFC3A941}.Release|Any CPU.Build.0 = Release|Any CPU
		{57B894A5-C83B-46B7-85A3-93A126ECD0CB}.Debug|Any CPU.ActiveCfg = Debug|Any CPU
		{57B894A5-C83B-46B7-85A3-93A126ECD0CB}.Debug|Any CPU.Build.0 = Debug|Any CPU
		{57B894A5-C83B-46B7-85A3-93A126ECD0CB}.Release|Any CPU.ActiveCfg = Release|Any CPU
		{57B894A5-C83B-46B7-85A3-93A126ECD0CB}.Release|Any CPU.Build.0 = Release|Any CPU
		{87C13612-87A0-4A4C-B5CC-CA247C53E4C3}.Debug|Any CPU.ActiveCfg = Debug|Any CPU
		{87C13612-87A0-4A4C-B5CC-CA247C53E4C3}.Debug|Any CPU.Build.0 = Debug|Any CPU
		{87C13612-87A0-4A4C-B5CC-CA247C53E4C3}.Release|Any CPU.ActiveCfg = Release|Any CPU
		{87C13612-87A0-4A4C-B5CC-CA247C53E4C3}.Release|Any CPU.Build.0 = Release|Any CPU
		{AE21C781-6F01-44C6-95B0-21ECC180E5A6}.Debug|Any CPU.ActiveCfg = Debug|Any CPU
		{AE21C781-6F01-44C6-95B0-21ECC180E5A6}.Debug|Any CPU.Build.0 = Debug|Any CPU
		{AE21C781-6F01-44C6-95B0-21ECC180E5A6}.Release|Any CPU.ActiveCfg = Release|Any CPU
		{AE21C781-6F01-44C6-95B0-21ECC180E5A6}.Release|Any CPU.Build.0 = Release|Any CPU
		{8ABB2970-E246-4ED2-8F50-EE9FFBE7C90E}.Debug|Any CPU.ActiveCfg = Debug|Any CPU
		{8ABB2970-E246-4ED2-8F50-EE9FFBE7C90E}.Debug|Any CPU.Build.0 = Debug|Any CPU
		{8ABB2970-E246-4ED2-8F50-EE9FFBE7C90E}.Release|Any CPU.ActiveCfg = Release|Any CPU
		{8ABB2970-E246-4ED2-8F50-EE9FFBE7C90E}.Release|Any CPU.Build.0 = Release|Any CPU
		{3910AD8D-1253-412B-94C8-0D1FA9E13726}.Debug|Any CPU.ActiveCfg = Debug|Any CPU
		{3910AD8D-1253-412B-94C8-0D1FA9E13726}.Debug|Any CPU.Build.0 = Debug|Any CPU
		{3910AD8D-1253-412B-94C8-0D1FA9E13726}.Release|Any CPU.ActiveCfg = Release|Any CPU
		{3910AD8D-1253-412B-94C8-0D1FA9E13726}.Release|Any CPU.Build.0 = Release|Any CPU
		{494365EC-8F45-4E76-98F6-DFB04964915D}.Debug|Any CPU.ActiveCfg = Debug|Any CPU
		{494365EC-8F45-4E76-98F6-DFB04964915D}.Debug|Any CPU.Build.0 = Debug|Any CPU
		{494365EC-8F45-4E76-98F6-DFB04964915D}.Release|Any CPU.ActiveCfg = Release|Any CPU
		{494365EC-8F45-4E76-98F6-DFB04964915D}.Release|Any CPU.Build.0 = Release|Any CPU
		{FEFBB4DB-8DAB-4EA6-B16B-0E18A69BBC8C}.Debug|Any CPU.ActiveCfg = Debug|Any CPU
		{FEFBB4DB-8DAB-4EA6-B16B-0E18A69BBC8C}.Debug|Any CPU.Build.0 = Debug|Any CPU
		{FEFBB4DB-8DAB-4EA6-B16B-0E18A69BBC8C}.Release|Any CPU.ActiveCfg = Release|Any CPU
		{FEFBB4DB-8DAB-4EA6-B16B-0E18A69BBC8C}.Release|Any CPU.Build.0 = Release|Any CPU
		{7BBC8989-6870-4E2A-81F9-06523646D266}.Debug|Any CPU.ActiveCfg = Debug|Any CPU
		{7BBC8989-6870-4E2A-81F9-06523646D266}.Debug|Any CPU.Build.0 = Debug|Any CPU
		{7BBC8989-6870-4E2A-81F9-06523646D266}.Release|Any CPU.ActiveCfg = Release|Any CPU
		{7BBC8989-6870-4E2A-81F9-06523646D266}.Release|Any CPU.Build.0 = Release|Any CPU
		{3D03BFBE-962A-4D96-BF45-F43902BF4944}.Debug|Any CPU.ActiveCfg = Debug|Any CPU
		{3D03BFBE-962A-4D96-BF45-F43902BF4944}.Debug|Any CPU.Build.0 = Debug|Any CPU
		{3D03BFBE-962A-4D96-BF45-F43902BF4944}.Release|Any CPU.ActiveCfg = Release|Any CPU
		{3D03BFBE-962A-4D96-BF45-F43902BF4944}.Release|Any CPU.Build.0 = Release|Any CPU
		{21716843-FBEF-454F-A562-F465BCA3695C}.Debug|Any CPU.ActiveCfg = Debug|Any CPU
		{21716843-FBEF-454F-A562-F465BCA3695C}.Debug|Any CPU.Build.0 = Debug|Any CPU
		{21716843-FBEF-454F-A562-F465BCA3695C}.Release|Any CPU.ActiveCfg = Release|Any CPU
		{21716843-FBEF-454F-A562-F465BCA3695C}.Release|Any CPU.Build.0 = Release|Any CPU
		{529E55FC-1A52-419B-80CD-4A6117C6181E}.Debug|Any CPU.ActiveCfg = Debug|Any CPU
		{529E55FC-1A52-419B-80CD-4A6117C6181E}.Debug|Any CPU.Build.0 = Debug|Any CPU
		{529E55FC-1A52-419B-80CD-4A6117C6181E}.Release|Any CPU.ActiveCfg = Release|Any CPU
		{529E55FC-1A52-419B-80CD-4A6117C6181E}.Release|Any CPU.Build.0 = Release|Any CPU
		{DC0A2AAA-036F-4D30-A649-34B91901534F}.Debug|Any CPU.ActiveCfg = Debug|Any CPU
		{DC0A2AAA-036F-4D30-A649-34B91901534F}.Debug|Any CPU.Build.0 = Debug|Any CPU
		{DC0A2AAA-036F-4D30-A649-34B91901534F}.Release|Any CPU.ActiveCfg = Release|Any CPU
		{DC0A2AAA-036F-4D30-A649-34B91901534F}.Release|Any CPU.Build.0 = Release|Any CPU
		{72A69148-ACCA-43B5-90CE-454B7C6B8B86}.Debug|Any CPU.ActiveCfg = Debug|Any CPU
		{72A69148-ACCA-43B5-90CE-454B7C6B8B86}.Debug|Any CPU.Build.0 = Debug|Any CPU
		{72A69148-ACCA-43B5-90CE-454B7C6B8B86}.Release|Any CPU.ActiveCfg = Release|Any CPU
		{72A69148-ACCA-43B5-90CE-454B7C6B8B86}.Release|Any CPU.Build.0 = Release|Any CPU
		{8FA91781-B465-4ED8-9FF3-9FCAC22978A5}.Debug|Any CPU.ActiveCfg = Debug|Any CPU
		{8FA91781-B465-4ED8-9FF3-9FCAC22978A5}.Debug|Any CPU.Build.0 = Debug|Any CPU
		{8FA91781-B465-4ED8-9FF3-9FCAC22978A5}.Release|Any CPU.ActiveCfg = Release|Any CPU
		{8FA91781-B465-4ED8-9FF3-9FCAC22978A5}.Release|Any CPU.Build.0 = Release|Any CPU
		{0495DC4A-8C0C-418D-A520-B9717433228A}.Debug|Any CPU.ActiveCfg = Debug|Any CPU
		{0495DC4A-8C0C-418D-A520-B9717433228A}.Debug|Any CPU.Build.0 = Debug|Any CPU
		{0495DC4A-8C0C-418D-A520-B9717433228A}.Release|Any CPU.ActiveCfg = Release|Any CPU
		{0495DC4A-8C0C-418D-A520-B9717433228A}.Release|Any CPU.Build.0 = Release|Any CPU
		{F926696C-0673-4C4C-AD3D-7856F76CEF7A}.Debug|Any CPU.ActiveCfg = Debug|Any CPU
		{F926696C-0673-4C4C-AD3D-7856F76CEF7A}.Debug|Any CPU.Build.0 = Debug|Any CPU
		{F926696C-0673-4C4C-AD3D-7856F76CEF7A}.Release|Any CPU.ActiveCfg = Release|Any CPU
		{F926696C-0673-4C4C-AD3D-7856F76CEF7A}.Release|Any CPU.Build.0 = Release|Any CPU
		{46BE62B7-583B-4ACD-BB9D-732373F11BC1}.Debug|Any CPU.ActiveCfg = Debug|Any CPU
		{46BE62B7-583B-4ACD-BB9D-732373F11BC1}.Debug|Any CPU.Build.0 = Debug|Any CPU
		{46BE62B7-583B-4ACD-BB9D-732373F11BC1}.Release|Any CPU.ActiveCfg = Release|Any CPU
		{46BE62B7-583B-4ACD-BB9D-732373F11BC1}.Release|Any CPU.Build.0 = Release|Any CPU
		{A44F80A7-3F20-407A-A0F5-46FF08FDAD57}.Debug|Any CPU.ActiveCfg = Debug|Any CPU
		{A44F80A7-3F20-407A-A0F5-46FF08FDAD57}.Debug|Any CPU.Build.0 = Debug|Any CPU
		{A44F80A7-3F20-407A-A0F5-46FF08FDAD57}.Release|Any CPU.ActiveCfg = Release|Any CPU
		{A44F80A7-3F20-407A-A0F5-46FF08FDAD57}.Release|Any CPU.Build.0 = Release|Any CPU
		{50DD4CF0-0975-4917-97EA-F65F550C808E}.Debug|Any CPU.ActiveCfg = Debug|Any CPU
		{50DD4CF0-0975-4917-97EA-F65F550C808E}.Debug|Any CPU.Build.0 = Debug|Any CPU
		{50DD4CF0-0975-4917-97EA-F65F550C808E}.Release|Any CPU.ActiveCfg = Release|Any CPU
		{50DD4CF0-0975-4917-97EA-F65F550C808E}.Release|Any CPU.Build.0 = Release|Any CPU
		{701C5942-06D3-458A-B793-89E81D050EAD}.Debug|Any CPU.ActiveCfg = Debug|Any CPU
		{701C5942-06D3-458A-B793-89E81D050EAD}.Debug|Any CPU.Build.0 = Debug|Any CPU
		{701C5942-06D3-458A-B793-89E81D050EAD}.Release|Any CPU.ActiveCfg = Release|Any CPU
		{701C5942-06D3-458A-B793-89E81D050EAD}.Release|Any CPU.Build.0 = Release|Any CPU
		{E22068D2-CA9F-4D06-BDA5-F67B631DB2A5}.Debug|Any CPU.ActiveCfg = Debug|Any CPU
		{E22068D2-CA9F-4D06-BDA5-F67B631DB2A5}.Debug|Any CPU.Build.0 = Debug|Any CPU
		{E22068D2-CA9F-4D06-BDA5-F67B631DB2A5}.Release|Any CPU.ActiveCfg = Release|Any CPU
		{E22068D2-CA9F-4D06-BDA5-F67B631DB2A5}.Release|Any CPU.Build.0 = Release|Any CPU
		{90CDBB51-0D84-4AB0-88E5-954BF5EBD06F}.Debug|Any CPU.ActiveCfg = Debug|Any CPU
		{90CDBB51-0D84-4AB0-88E5-954BF5EBD06F}.Debug|Any CPU.Build.0 = Debug|Any CPU
		{90CDBB51-0D84-4AB0-88E5-954BF5EBD06F}.Release|Any CPU.ActiveCfg = Release|Any CPU
		{90CDBB51-0D84-4AB0-88E5-954BF5EBD06F}.Release|Any CPU.Build.0 = Release|Any CPU
		{762A6DD2-21E0-464F-A700-4E46F1D876BB}.Debug|Any CPU.ActiveCfg = Debug|Any CPU
		{762A6DD2-21E0-464F-A700-4E46F1D876BB}.Debug|Any CPU.Build.0 = Debug|Any CPU
		{762A6DD2-21E0-464F-A700-4E46F1D876BB}.Release|Any CPU.ActiveCfg = Release|Any CPU
		{762A6DD2-21E0-464F-A700-4E46F1D876BB}.Release|Any CPU.Build.0 = Release|Any CPU
		{3D668935-BE6F-483E-AE9A-13AC5331DECA}.Debug|Any CPU.ActiveCfg = Debug|Any CPU
		{3D668935-BE6F-483E-AE9A-13AC5331DECA}.Debug|Any CPU.Build.0 = Debug|Any CPU
		{3D668935-BE6F-483E-AE9A-13AC5331DECA}.Release|Any CPU.ActiveCfg = Release|Any CPU
		{3D668935-BE6F-483E-AE9A-13AC5331DECA}.Release|Any CPU.Build.0 = Release|Any CPU
		{05A5D8F0-80E1-4BAD-BD61-F919196EC6C0}.Debug|Any CPU.ActiveCfg = Debug|Any CPU
		{05A5D8F0-80E1-4BAD-BD61-F919196EC6C0}.Debug|Any CPU.Build.0 = Debug|Any CPU
		{05A5D8F0-80E1-4BAD-BD61-F919196EC6C0}.Release|Any CPU.ActiveCfg = Release|Any CPU
		{05A5D8F0-80E1-4BAD-BD61-F919196EC6C0}.Release|Any CPU.Build.0 = Release|Any CPU
		{EAD58C16-4C27-4086-A086-47D5E5212638}.Debug|Any CPU.ActiveCfg = Debug|Any CPU
		{EAD58C16-4C27-4086-A086-47D5E5212638}.Debug|Any CPU.Build.0 = Debug|Any CPU
		{EAD58C16-4C27-4086-A086-47D5E5212638}.Release|Any CPU.ActiveCfg = Release|Any CPU
		{EAD58C16-4C27-4086-A086-47D5E5212638}.Release|Any CPU.Build.0 = Release|Any CPU
		{CCBE814E-2370-49B7-AF7E-546C8B08068A}.Debug|Any CPU.ActiveCfg = Debug|Any CPU
		{CCBE814E-2370-49B7-AF7E-546C8B08068A}.Debug|Any CPU.Build.0 = Debug|Any CPU
		{CCBE814E-2370-49B7-AF7E-546C8B08068A}.Release|Any CPU.ActiveCfg = Release|Any CPU
		{CCBE814E-2370-49B7-AF7E-546C8B08068A}.Release|Any CPU.Build.0 = Release|Any CPU
		{59F22C00-5F27-4851-A446-41F69028CA2A}.Debug|Any CPU.ActiveCfg = Debug|Any CPU
		{59F22C00-5F27-4851-A446-41F69028CA2A}.Debug|Any CPU.Build.0 = Debug|Any CPU
		{59F22C00-5F27-4851-A446-41F69028CA2A}.Release|Any CPU.ActiveCfg = Release|Any CPU
		{59F22C00-5F27-4851-A446-41F69028CA2A}.Release|Any CPU.Build.0 = Release|Any CPU
		{2D8AC358-26F0-4A6B-8101-FE74FFDFFED8}.Debug|Any CPU.ActiveCfg = Debug|Any CPU
		{2D8AC358-26F0-4A6B-8101-FE74FFDFFED8}.Debug|Any CPU.Build.0 = Debug|Any CPU
		{2D8AC358-26F0-4A6B-8101-FE74FFDFFED8}.Release|Any CPU.ActiveCfg = Release|Any CPU
		{2D8AC358-26F0-4A6B-8101-FE74FFDFFED8}.Release|Any CPU.Build.0 = Release|Any CPU
		{13AC8084-AF25-4895-AEB0-8466131F24C3}.Debug|Any CPU.ActiveCfg = Debug|Any CPU
		{13AC8084-AF25-4895-AEB0-8466131F24C3}.Debug|Any CPU.Build.0 = Debug|Any CPU
		{13AC8084-AF25-4895-AEB0-8466131F24C3}.Release|Any CPU.ActiveCfg = Release|Any CPU
		{13AC8084-AF25-4895-AEB0-8466131F24C3}.Release|Any CPU.Build.0 = Release|Any CPU
		{365E7CA8-694C-46B9-86EB-3CAB16A033A2}.Debug|Any CPU.ActiveCfg = Debug|Any CPU
		{365E7CA8-694C-46B9-86EB-3CAB16A033A2}.Debug|Any CPU.Build.0 = Debug|Any CPU
		{365E7CA8-694C-46B9-86EB-3CAB16A033A2}.Release|Any CPU.ActiveCfg = Release|Any CPU
		{365E7CA8-694C-46B9-86EB-3CAB16A033A2}.Release|Any CPU.Build.0 = Release|Any CPU
		{D5B02FEF-535B-468D-B755-81805816AACC}.Debug|Any CPU.ActiveCfg = Debug|Any CPU
		{D5B02FEF-535B-468D-B755-81805816AACC}.Debug|Any CPU.Build.0 = Debug|Any CPU
		{D5B02FEF-535B-468D-B755-81805816AACC}.Release|Any CPU.ActiveCfg = Release|Any CPU
		{D5B02FEF-535B-468D-B755-81805816AACC}.Release|Any CPU.Build.0 = Release|Any CPU
		{071E76AD-4E45-4458-8C8E-66B7F794AF2D}.Debug|Any CPU.ActiveCfg = Debug|Any CPU
		{071E76AD-4E45-4458-8C8E-66B7F794AF2D}.Debug|Any CPU.Build.0 = Debug|Any CPU
		{071E76AD-4E45-4458-8C8E-66B7F794AF2D}.Release|Any CPU.ActiveCfg = Release|Any CPU
		{071E76AD-4E45-4458-8C8E-66B7F794AF2D}.Release|Any CPU.Build.0 = Release|Any CPU
		{A455404C-0990-4108-9661-740293970D6C}.Debug|Any CPU.ActiveCfg = Debug|Any CPU
		{A455404C-0990-4108-9661-740293970D6C}.Debug|Any CPU.Build.0 = Debug|Any CPU
		{A455404C-0990-4108-9661-740293970D6C}.Release|Any CPU.ActiveCfg = Release|Any CPU
		{A455404C-0990-4108-9661-740293970D6C}.Release|Any CPU.Build.0 = Release|Any CPU
		{6268C899-8B83-43D3-A154-F580E1A46E88}.Debug|Any CPU.ActiveCfg = Debug|Any CPU
		{6268C899-8B83-43D3-A154-F580E1A46E88}.Debug|Any CPU.Build.0 = Debug|Any CPU
		{6268C899-8B83-43D3-A154-F580E1A46E88}.Release|Any CPU.ActiveCfg = Release|Any CPU
		{6268C899-8B83-43D3-A154-F580E1A46E88}.Release|Any CPU.Build.0 = Release|Any CPU
		{22313ADA-0B59-4AAB-8722-9461C0ED98AA}.Debug|Any CPU.ActiveCfg = Debug|Any CPU
		{22313ADA-0B59-4AAB-8722-9461C0ED98AA}.Debug|Any CPU.Build.0 = Debug|Any CPU
		{22313ADA-0B59-4AAB-8722-9461C0ED98AA}.Release|Any CPU.ActiveCfg = Release|Any CPU
		{22313ADA-0B59-4AAB-8722-9461C0ED98AA}.Release|Any CPU.Build.0 = Release|Any CPU
		{A69B2F37-0C84-43AB-A072-CCDF599F62D3}.Debug|Any CPU.ActiveCfg = Debug|Any CPU
		{A69B2F37-0C84-43AB-A072-CCDF599F62D3}.Debug|Any CPU.Build.0 = Debug|Any CPU
		{A69B2F37-0C84-43AB-A072-CCDF599F62D3}.Release|Any CPU.ActiveCfg = Release|Any CPU
		{A69B2F37-0C84-43AB-A072-CCDF599F62D3}.Release|Any CPU.Build.0 = Release|Any CPU
		{333154C9-1C1D-4512-98FF-12931D1E4F68}.Debug|Any CPU.ActiveCfg = Debug|Any CPU
		{333154C9-1C1D-4512-98FF-12931D1E4F68}.Debug|Any CPU.Build.0 = Debug|Any CPU
		{333154C9-1C1D-4512-98FF-12931D1E4F68}.Release|Any CPU.ActiveCfg = Release|Any CPU
		{333154C9-1C1D-4512-98FF-12931D1E4F68}.Release|Any CPU.Build.0 = Release|Any CPU
		{531616A9-F3AA-4591-9E19-911C57AFDD79}.Debug|Any CPU.ActiveCfg = Debug|Any CPU
		{531616A9-F3AA-4591-9E19-911C57AFDD79}.Debug|Any CPU.Build.0 = Debug|Any CPU
		{531616A9-F3AA-4591-9E19-911C57AFDD79}.Release|Any CPU.ActiveCfg = Release|Any CPU
		{531616A9-F3AA-4591-9E19-911C57AFDD79}.Release|Any CPU.Build.0 = Release|Any CPU
		{D4F7FC99-1C7D-4CCC-BCF4-952521DA1646}.Debug|Any CPU.ActiveCfg = Debug|Any CPU
		{D4F7FC99-1C7D-4CCC-BCF4-952521DA1646}.Debug|Any CPU.Build.0 = Debug|Any CPU
		{D4F7FC99-1C7D-4CCC-BCF4-952521DA1646}.Release|Any CPU.ActiveCfg = Release|Any CPU
		{D4F7FC99-1C7D-4CCC-BCF4-952521DA1646}.Release|Any CPU.Build.0 = Release|Any CPU
		{6945FEB1-EA32-4036-9DAE-E967E3D09A36}.Debug|Any CPU.ActiveCfg = Debug|Any CPU
		{6945FEB1-EA32-4036-9DAE-E967E3D09A36}.Debug|Any CPU.Build.0 = Debug|Any CPU
		{6945FEB1-EA32-4036-9DAE-E967E3D09A36}.Release|Any CPU.ActiveCfg = Release|Any CPU
		{6945FEB1-EA32-4036-9DAE-E967E3D09A36}.Release|Any CPU.Build.0 = Release|Any CPU
		{921CF54F-7392-40EA-8883-BD5D5ED97C02}.Debug|Any CPU.ActiveCfg = Debug|Any CPU
		{921CF54F-7392-40EA-8883-BD5D5ED97C02}.Debug|Any CPU.Build.0 = Debug|Any CPU
		{921CF54F-7392-40EA-8883-BD5D5ED97C02}.Release|Any CPU.ActiveCfg = Release|Any CPU
		{921CF54F-7392-40EA-8883-BD5D5ED97C02}.Release|Any CPU.Build.0 = Release|Any CPU
		{43372A5B-8AAC-44CB-BD4E-AC87DF57DCA9}.Debug|Any CPU.ActiveCfg = Debug|Any CPU
		{43372A5B-8AAC-44CB-BD4E-AC87DF57DCA9}.Debug|Any CPU.Build.0 = Debug|Any CPU
		{43372A5B-8AAC-44CB-BD4E-AC87DF57DCA9}.Release|Any CPU.ActiveCfg = Release|Any CPU
		{43372A5B-8AAC-44CB-BD4E-AC87DF57DCA9}.Release|Any CPU.Build.0 = Release|Any CPU
		{C3DA2D5B-927A-4E87-B118-C48113C864E2}.Debug|Any CPU.ActiveCfg = Debug|Any CPU
		{C3DA2D5B-927A-4E87-B118-C48113C864E2}.Debug|Any CPU.Build.0 = Debug|Any CPU
		{C3DA2D5B-927A-4E87-B118-C48113C864E2}.Release|Any CPU.ActiveCfg = Release|Any CPU
		{C3DA2D5B-927A-4E87-B118-C48113C864E2}.Release|Any CPU.Build.0 = Release|Any CPU
		{B4BE32EC-A60A-43AD-BFB7-3924EF7BF031}.Debug|Any CPU.ActiveCfg = Debug|Any CPU
		{B4BE32EC-A60A-43AD-BFB7-3924EF7BF031}.Debug|Any CPU.Build.0 = Debug|Any CPU
		{B4BE32EC-A60A-43AD-BFB7-3924EF7BF031}.Release|Any CPU.ActiveCfg = Release|Any CPU
		{B4BE32EC-A60A-43AD-BFB7-3924EF7BF031}.Release|Any CPU.Build.0 = Release|Any CPU
	EndGlobalSection
	GlobalSection(SolutionProperties) = preSolution
		HideSolutionNode = FALSE
	EndGlobalSection
	GlobalSection(ExtensibilityGlobals) = postSolution
		SolutionGuid = {F1BBDE3C-87C1-40CF-8D02-78A864FC389A}
	EndGlobalSection
EndGlobal
